
Microsoft Visual Studio Solution File, Format Version 12.00
# Visual Studio Version 17
VisualStudioVersion = 17.13.35825.156
MinimumVisualStudioVersion = 10.0.40219.1
Project("{FAE04EC0-301F-11D3-BF4B-00C04F79EFBC}") = "Skyline.DataMiner.MediaOps.Live", "Skyline.DataMiner.MediaOps.Live\Skyline.DataMiner.MediaOps.Live.csproj", "{2C9B1C2B-BE7B-4C07-9F0D-365AE6F5F7FE}"
EndProject
Project("{FAE04EC0-301F-11D3-BF4B-00C04F79EFBC}") = "Skyline.DataMiner.MediaOps.Live.Tests", "Skyline.DataMiner.MediaOps.Live.Tests\Skyline.DataMiner.MediaOps.Live.Tests.csproj", "{F4DF53EF-5A38-4FC6-B9C2-14B47710D69B}"
EndProject
Global
	GlobalSection(SolutionConfigurationPlatforms) = preSolution
		Debug|Any CPU = Debug|Any CPU
		Release|Any CPU = Release|Any CPU
	EndGlobalSection
	GlobalSection(ProjectConfigurationPlatforms) = postSolution
		{2C9B1C2B-BE7B-4C07-9F0D-365AE6F5F7FE}.Debug|Any CPU.ActiveCfg = Debug|Any CPU
		{2C9B1C2B-BE7B-4C07-9F0D-365AE6F5F7FE}.Debug|Any CPU.Build.0 = Debug|Any CPU
		{2C9B1C2B-BE7B-4C07-9F0D-365AE6F5F7FE}.Release|Any CPU.ActiveCfg = Release|Any CPU
		{2C9B1C2B-BE7B-4C07-9F0D-365AE6F5F7FE}.Release|Any CPU.Build.0 = Release|Any CPU
		{F4DF53EF-5A38-4FC6-B9C2-14B47710D69B}.Debug|Any CPU.ActiveCfg = Debug|Any CPU
		{F4DF53EF-5A38-4FC6-B9C2-14B47710D69B}.Debug|Any CPU.Build.0 = Debug|Any CPU
		{F4DF53EF-5A38-4FC6-B9C2-14B47710D69B}.Release|Any CPU.ActiveCfg = Release|Any CPU
		{F4DF53EF-5A38-4FC6-B9C2-14B47710D69B}.Release|Any CPU.Build.0 = Release|Any CPU
	EndGlobalSection
	GlobalSection(SolutionProperties) = preSolution
		HideSolutionNode = FALSE
	EndGlobalSection
	GlobalSection(ExtensibilityGlobals) = postSolution
		SolutionGuid = {B789B6DC-F638-4ED0-A2EE-B9245A301276}
	EndGlobalSection
EndGlobal
