
Microsoft Visual Studio Solution File, Format Version 12.00
# Visual Studio Version 17
VisualStudioVersion = 17.13.35825.156
MinimumVisualStudioVersion = 10.0.40219.1
Project("{FAE04EC0-301F-11D3-BF4B-00C04F79EFBC}") = "Skyline.DataMiner.MediaOps.Live", "Skyline.DataMiner.MediaOps.Live\Skyline.DataMiner.MediaOps.Live.csproj", "{2C9B1C2B-BE7B-4C07-9F0D-365AE6F5F7FE}"
EndProject
Project("{FAE04EC0-301F-11D3-BF4B-00C04F79EFBC}") = "Skyline.DataMiner.MediaOps.Live.Tests", "Skyline.DataMiner.MediaOps.Live.Tests\Skyline.DataMiner.MediaOps.Live.Tests.csproj", "{F4DF53EF-5A38-4FC6-B9C2-14B47710D69B}"
EndProject
Project("{FAE04EC0-301F-11D3-BF4B-00C04F79EFBC}") = "Skyline.DataMiner.MediaOps.Live.UnitTesting", "Skyline.DataMiner.MediaOps.Live.UnitTesting\Skyline.DataMiner.MediaOps.Live.UnitTesting.csproj", "{653C9CDA-4207-0AE6-7AD5-86D5EF6D69FE}"
EndProject
Project("{FAE04EC0-301F-11D3-BF4B-00C04F79EFBC}") = "Skyline.DataMiner.MediaOps.Live.Automation", "Skyline.DataMiner.MediaOps.Live.Automation\Skyline.DataMiner.MediaOps.Live.Automation.csproj", "{8721FA7B-B581-A070-23A9-E9CE9638623D}"
EndProject
Project("{FAE04EC0-301F-11D3-BF4B-00C04F79EFBC}") = "Skyline.DataMiner.MediaOps.Live.Protocol", "Skyline.DataMiner.MediaOps.Live.Protocol\Skyline.DataMiner.MediaOps.Live.Protocol.csproj", "{DCD85D81-FE03-C54C-585F-1905EC747C15}"
EndProject
Project("{FAE04EC0-301F-11D3-BF4B-00C04F79EFBC}") = "Skyline.DataMiner.MediaOps.Live.GQI", "Skyline.DataMiner.MediaOps.Live.GQI\Skyline.DataMiner.MediaOps.Live.GQI.csproj", "{1C507AB0-3D8B-F644-1165-2C08C582F8E6}"
EndProject
Global
	GlobalSection(SolutionConfigurationPlatforms) = preSolution
		Debug|Any CPU = Debug|Any CPU
		Release|Any CPU = Release|Any CPU
	EndGlobalSection
	GlobalSection(ProjectConfigurationPlatforms) = postSolution
		{2C9B1C2B-BE7B-4C07-9F0D-365AE6F5F7FE}.Debug|Any CPU.ActiveCfg = Debug|Any CPU
		{2C9B1C2B-BE7B-4C07-9F0D-365AE6F5F7FE}.Debug|Any CPU.Build.0 = Debug|Any CPU
		{2C9B1C2B-BE7B-4C07-9F0D-365AE6F5F7FE}.Release|Any CPU.ActiveCfg = Release|Any CPU
		{2C9B1C2B-BE7B-4C07-9F0D-365AE6F5F7FE}.Release|Any CPU.Build.0 = Release|Any CPU
		{F4DF53EF-5A38-4FC6-B9C2-14B47710D69B}.Debug|Any CPU.ActiveCfg = Debug|Any CPU
		{F4DF53EF-5A38-4FC6-B9C2-14B47710D69B}.Debug|Any CPU.Build.0 = Debug|Any CPU
		{F4DF53EF-5A38-4FC6-B9C2-14B47710D69B}.Release|Any CPU.ActiveCfg = Release|Any CPU
		{F4DF53EF-5A38-4FC6-B9C2-14B47710D69B}.Release|Any CPU.Build.0 = Release|Any CPU
		{653C9CDA-4207-0AE6-7AD5-86D5EF6D69FE}.Debug|Any CPU.ActiveCfg = Debug|Any CPU
		{653C9CDA-4207-0AE6-7AD5-86D5EF6D69FE}.Debug|Any CPU.Build.0 = Debug|Any CPU
		{653C9CDA-4207-0AE6-7AD5-86D5EF6D69FE}.Release|Any CPU.ActiveCfg = Release|Any CPU
		{653C9CDA-4207-0AE6-7AD5-86D5EF6D69FE}.Release|Any CPU.Build.0 = Release|Any CPU
		{8721FA7B-B581-A070-23A9-E9CE9638623D}.Debug|Any CPU.ActiveCfg = Debug|Any CPU
		{8721FA7B-B581-A070-23A9-E9CE9638623D}.Debug|Any CPU.Build.0 = Debug|Any CPU
		{8721FA7B-B581-A070-23A9-E9CE9638623D}.Release|Any CPU.ActiveCfg = Release|Any CPU
		{8721FA7B-B581-A070-23A9-E9CE9638623D}.Release|Any CPU.Build.0 = Release|Any CPU
		{DCD85D81-FE03-C54C-585F-1905EC747C15}.Debug|Any CPU.ActiveCfg = Debug|Any CPU
		{DCD85D81-FE03-C54C-585F-1905EC747C15}.Debug|Any CPU.Build.0 = Debug|Any CPU
		{DCD85D81-FE03-C54C-585F-1905EC747C15}.Release|Any CPU.ActiveCfg = Release|Any CPU
		{DCD85D81-FE03-C54C-585F-1905EC747C15}.Release|Any CPU.Build.0 = Release|Any CPU
		{1C507AB0-3D8B-F644-1165-2C08C582F8E6}.Debug|Any CPU.ActiveCfg = Debug|Any CPU
		{1C507AB0-3D8B-F644-1165-2C08C582F8E6}.Debug|Any CPU.Build.0 = Debug|Any CPU
		{1C507AB0-3D8B-F644-1165-2C08C582F8E6}.Release|Any CPU.ActiveCfg = Release|Any CPU
		{1C507AB0-3D8B-F644-1165-2C08C582F8E6}.Release|Any CPU.Build.0 = Release|Any CPU
	EndGlobalSection
	GlobalSection(SolutionProperties) = preSolution
		HideSolutionNode = FALSE
	EndGlobalSection
	GlobalSection(ExtensibilityGlobals) = postSolution
		SolutionGuid = {B789B6DC-F638-4ED0-A2EE-B9245A301276}
	EndGlobalSection
EndGlobal
